
Microsoft Visual Studio Solution File, Format Version 12.00
Project("{FAE04EC0-301F-11D3-BF4B-00C04F79EFBC}") = "MatrixLibrary", "MatrixLibrary\MatrixLibrary.csproj", "{2C938C50-1562-4C0F-AC62-B457ABA8DAE5}"
EndProject
Global
	GlobalSection(SolutionConfigurationPlatforms) = preSolution
		Debug|Any CPU = Debug|Any CPU
		Release|Any CPU = Release|Any CPU
	EndGlobalSection
	GlobalSection(ProjectConfigurationPlatforms) = postSolution
		{2C938C50-1562-4C0F-AC62-B457ABA8DAE5}.Debug|Any CPU.ActiveCfg = Debug|Any CPU
		{2C938C50-1562-4C0F-AC62-B457ABA8DAE5}.Debug|Any CPU.Build.0 = Debug|Any CPU
		{2C938C50-1562-4C0F-AC62-B457ABA8DAE5}.Release|Any CPU.ActiveCfg = Release|Any CPU
		{2C938C50-1562-4C0F-AC62-B457ABA8DAE5}.Release|Any CPU.Build.0 = Release|Any CPU
	EndGlobalSection
EndGlobal
